
Microsoft Visual Studio Solution File, Format Version 12.00
# Visual Studio Version 17
VisualStudioVersion = 17.0.31903.59
MinimumVisualStudioVersion = 10.0.40219.1
Project("{FAE04EC0-301F-11D3-BF4B-00C04F79EFBC}") = "ZoneGeoApp.Data", "ZoneGeoApp.Data\ZoneGeoApp.Data.csproj", "{A89DBE2E-B593-4227-8CF6-E760957CEAA9}"
EndProject
Project("{FAE04EC0-301F-11D3-BF4B-00C04F79EFBC}") = "ZoneGeoApp.BusinessLogic", "ZoneGeoApp.BusinessLogic\ZoneGeoApp.BusinessLogic.csproj", "{81FB728A-4E53-490D-AD03-E0EEA91FDFEC}"
EndProject
Project("{FAE04EC0-301F-11D3-BF4B-00C04F79EFBC}") = "ZoneGeoApp.Console", "ZoneGeoApp.Console\ZoneGeoApp.Console.csproj", "{9583027E-3526-4775-AF87-70AB27E5D6C7}"
EndProject
Global
	GlobalSection(SolutionConfigurationPlatforms) = preSolution
		Debug|Any CPU = Debug|Any CPU
		Release|Any CPU = Release|Any CPU
	EndGlobalSection
	GlobalSection(SolutionProperties) = preSolution
		HideSolutionNode = FALSE
	EndGlobalSection
	GlobalSection(ProjectConfigurationPlatforms) = postSolution
		{A89DBE2E-B593-4227-8CF6-E760957CEAA9}.Debug|Any CPU.ActiveCfg = Debug|Any CPU
		{A89DBE2E-B593-4227-8CF6-E760957CEAA9}.Debug|Any CPU.Build.0 = Debug|Any CPU
		{A89DBE2E-B593-4227-8CF6-E760957CEAA9}.Release|Any CPU.ActiveCfg = Release|Any CPU
		{A89DBE2E-B593-4227-8CF6-E760957CEAA9}.Release|Any CPU.Build.0 = Release|Any CPU
		{81FB728A-4E53-490D-AD03-E0EEA91FDFEC}.Debug|Any CPU.ActiveCfg = Debug|Any CPU
		{81FB728A-4E53-490D-AD03-E0EEA91FDFEC}.Debug|Any CPU.Build.0 = Debug|Any CPU
		{81FB728A-4E53-490D-AD03-E0EEA91FDFEC}.Release|Any CPU.ActiveCfg = Release|Any CPU
		{81FB728A-4E53-490D-AD03-E0EEA91FDFEC}.Release|Any CPU.Build.0 = Release|Any CPU
		{9583027E-3526-4775-AF87-70AB27E5D6C7}.Debug|Any CPU.ActiveCfg = Debug|Any CPU
		{9583027E-3526-4775-AF87-70AB27E5D6C7}.Debug|Any CPU.Build.0 = Debug|Any CPU
		{9583027E-3526-4775-AF87-70AB27E5D6C7}.Release|Any CPU.ActiveCfg = Release|Any CPU
		{9583027E-3526-4775-AF87-70AB27E5D6C7}.Release|Any CPU.Build.0 = Release|Any CPU
	EndGlobalSection
EndGlobal
